
Microsoft Visual Studio Solution File, Format Version 12.00
# Visual Studio Version 17
VisualStudioVersion = 17.5.002.0
MinimumVisualStudioVersion = 10.0.40219.1
Project("{9A19103F-16F7-4668-BE54-9A1E7A4F7556}") = "revolt-bot", "revolt-bot.csproj", "{9EC9F577-4E1F-4C71-8AF7-7CE003B38BEA}"
EndProject
Global
	GlobalSection(SolutionConfigurationPlatforms) = preSolution
		Debug|Any CPU = Debug|Any CPU
		Release|Any CPU = Release|Any CPU
	EndGlobalSection
	GlobalSection(ProjectConfigurationPlatforms) = postSolution
		{9EC9F577-4E1F-4C71-8AF7-7CE003B38BEA}.Debug|Any CPU.ActiveCfg = Debug|Any CPU
		{9EC9F577-4E1F-4C71-8AF7-7CE003B38BEA}.Debug|Any CPU.Build.0 = Debug|Any CPU
		{9EC9F577-4E1F-4C71-8AF7-7CE003B38BEA}.Release|Any CPU.ActiveCfg = Release|Any CPU
		{9EC9F577-4E1F-4C71-8AF7-7CE003B38BEA}.Release|Any CPU.Build.0 = Release|Any CPU
	EndGlobalSection
	GlobalSection(SolutionProperties) = preSolution
		HideSolutionNode = FALSE
	EndGlobalSection
	GlobalSection(ExtensibilityGlobals) = postSolution
		SolutionGuid = {6DA6234A-3835-4D6D-85C7-6F50D07E1AF0}
	EndGlobalSection
EndGlobal
